
Microsoft Visual Studio Solution File, Format Version 12.00
# Visual Studio Version 17
VisualStudioVersion = 17.4.33122.133
MinimumVisualStudioVersion = 10.0.40219.1
Project("{FAE04EC0-301F-11D3-BF4B-00C04F79EFBC}") = "WinFormsApp1", "WinFormsApp1\WinFormsApp1.csproj", "{B5EA26ED-70EB-4489-A3FC-D5D9179347C0}"
EndProject
Global
	GlobalSection(SolutionConfigurationPlatforms) = preSolution
		Debug|Any CPU = Debug|Any CPU
		Release|Any CPU = Release|Any CPU
	EndGlobalSection
	GlobalSection(ProjectConfigurationPlatforms) = postSolution
		{B5EA26ED-70EB-4489-A3FC-D5D9179347C0}.Debug|Any CPU.ActiveCfg = Debug|Any CPU
		{B5EA26ED-70EB-4489-A3FC-D5D9179347C0}.Debug|Any CPU.Build.0 = Debug|Any CPU
		{B5EA26ED-70EB-4489-A3FC-D5D9179347C0}.Release|Any CPU.ActiveCfg = Release|Any CPU
		{B5EA26ED-70EB-4489-A3FC-D5D9179347C0}.Release|Any CPU.Build.0 = Release|Any CPU
	EndGlobalSection
	GlobalSection(SolutionProperties) = preSolution
		HideSolutionNode = FALSE
	EndGlobalSection
	GlobalSection(ExtensibilityGlobals) = postSolution
		SolutionGuid = {C2B64FCB-EE9D-4A7E-A13F-F48FF923A9DB}
	EndGlobalSection
EndGlobal
